
Microsoft Visual Studio Solution File, Format Version 12.00
# Visual Studio Version 17
VisualStudioVersion = 17.4.33213.308
MinimumVisualStudioVersion = 10.0.40219.1
Project("{FAE04EC0-301F-11D3-BF4B-00C04F79EFBC}") = "WebApplication1", "WebApplication1.csproj", "{09EA7196-612A-446C-AE11-C178C59AB674}"
EndProject
Global
	GlobalSection(SolutionConfigurationPlatforms) = preSolution
		Debug|Any CPU = Debug|Any CPU
		Release|Any CPU = Release|Any CPU
	EndGlobalSection
	GlobalSection(ProjectConfigurationPlatforms) = postSolution
		{09EA7196-612A-446C-AE11-C178C59AB674}.Debug|Any CPU.ActiveCfg = Debug|Any CPU
		{09EA7196-612A-446C-AE11-C178C59AB674}.Debug|Any CPU.Build.0 = Debug|Any CPU
		{09EA7196-612A-446C-AE11-C178C59AB674}.Release|Any CPU.ActiveCfg = Release|Any CPU
		{09EA7196-612A-446C-AE11-C178C59AB674}.Release|Any CPU.Build.0 = Release|Any CPU
	EndGlobalSection
	GlobalSection(SolutionProperties) = preSolution
		HideSolutionNode = FALSE
	EndGlobalSection
	GlobalSection(ExtensibilityGlobals) = postSolution
		SolutionGuid = {1DFF51FF-CED1-46BC-A148-DCE94BE29037}
	EndGlobalSection
EndGlobal
